
Microsoft Visual Studio Solution File, Format Version 12.00
# Visual Studio Version 17
VisualStudioVersion = 17.11.35312.102
MinimumVisualStudioVersion = 10.0.40219.1
Project("{8BC9CEB8-8B4A-11D0-8D11-00A0C91BC942}") = "HelloWord", "HelloWord\HelloWord.vcxproj", "{19346B70-C89A-4735-A7F3-581E11C6B4E3}"
EndProject
Project("{8BC9CEB8-8B4A-11D0-8D11-00A0C91BC942}") = "StudentManagement", "StudentManagement\StudentManagement.vcxproj", "{DF35744F-6DF1-46EF-89CB-04662B129779}"
EndProject
Project("{8BC9CEB8-8B4A-11D0-8D11-00A0C91BC942}") = "Class_TimeTravel", "Class_TimeTravel\Class_TimeTravel.vcxproj", "{B7858600-7E89-4BD6-B35E-985B1664CDD1}"
EndProject
Project("{8BC9CEB8-8B4A-11D0-8D11-00A0C91BC942}") = "TemplateSumArray", "TemplateSumArray\TemplateSumArray.vcxproj", "{D0A6009B-9602-418D-875D-BD71AF956218}"
EndProject
Project("{8BC9CEB8-8B4A-11D0-8D11-00A0C91BC942}") = "GenericVehicle_ManagementSystem", "GenericVehicle_ManagementSystem\GenericVehicle_ManagementSystem.vcxproj", "{ECFD551E-B54A-4404-87EE-EFB96A0DF7BC}"
EndProject
Project("{8BC9CEB8-8B4A-11D0-8D11-00A0C91BC942}") = "TryingRider", "TryingRider\TryingRider.vcxproj", "{E8F1A658-26B5-4A15-9BA3-96A62E9BBFA5}"
EndProject
Project("{8BC9CEB8-8B4A-11D0-8D11-00A0C91BC942}") = "Ex5.2 - Analyzing and Testing Algorithm Complexity", "Ex5.2 - Analyzing and Testing Algorithm Complexity\Ex5.2 - Analyzing and Testing Algorithm Complexity.vcxproj", "{E65B20DA-3371-47EB-8EF7-80AFD4222177}"
EndProject
Project("{8BC9CEB8-8B4A-11D0-8D11-00A0C91BC942}") = "Recursion", "Recursion\Recursion.vcxproj", "{DB8BB5A4-C168-4004-87BF-6422AA769D1A}"
EndProject
Project("{8BC9CEB8-8B4A-11D0-8D11-00A0C91BC942}") = "PowerOf-Recursion", "PowerOf-Recursion\PowerOf-Recursion.vcxproj", "{D1DD20A6-35A7-43F8-976F-A806C0F6C45A}"
EndProject
Project("{8BC9CEB8-8B4A-11D0-8D11-00A0C91BC942}") = "UsingStackContainerEx1", "UsingStackContainerEx1\UsingStackContainerEx1.vcxproj", "{5CBA5800-4F59-4AA3-97A1-CB788B76642C}"
EndProject
Project("{8BC9CEB8-8B4A-11D0-8D11-00A0C91BC942}") = "CircularList", "CircularList\CircularList.vcxproj", "{78D9E024-2736-4BFA-BAD6-1F0B552BB909}"
EndProject
Project("{8BC9CEB8-8B4A-11D0-8D11-00A0C91BC942}") = "Node", "Node\Node.vcxproj", "{3221C0FD-CB5C-40CD-9E5F-BFF0DD230C4F}"
EndProject
Project("{8BC9CEB8-8B4A-11D0-8D11-00A0C91BC942}") = "LinkedList", "LinkedList\LinkedList.vcxproj", "{588D2504-E1C6-4F5C-A071-C2B76713933B}"
EndProject
Project("{8BC9CEB8-8B4A-11D0-8D11-00A0C91BC942}") = "List.h", "List.h\List.h.vcxproj", "{62AE0EAF-DE7D-4FE0-BB76-6D2135216D0F}"
EndProject
Project("{8BC9CEB8-8B4A-11D0-8D11-00A0C91BC942}") = "Node.h", "Node.h\Node.h.vcxproj", "{83330ECE-7851-4004-84C0-7D8B6B7A1A80}"
EndProject
Project("{8BC9CEB8-8B4A-11D0-8D11-00A0C91BC942}") = "CreatingAStack", "CreatingAStack\CreatingAStack.vcxproj", "{5F789512-129C-4E5D-973D-F8B084A9B552}"
EndProject
Global
	GlobalSection(SolutionConfigurationPlatforms) = preSolution
		Debug|x64 = Debug|x64
		Debug|x86 = Debug|x86
		Release|x64 = Release|x64
		Release|x86 = Release|x86
	EndGlobalSection
	GlobalSection(ProjectConfigurationPlatforms) = postSolution
		{19346B70-C89A-4735-A7F3-581E11C6B4E3}.Debug|x64.ActiveCfg = Debug|x64
		{19346B70-C89A-4735-A7F3-581E11C6B4E3}.Debug|x64.Build.0 = Debug|x64
		{19346B70-C89A-4735-A7F3-581E11C6B4E3}.Debug|x86.ActiveCfg = Debug|Win32
		{19346B70-C89A-4735-A7F3-581E11C6B4E3}.Debug|x86.Build.0 = Debug|Win32
		{19346B70-C89A-4735-A7F3-581E11C6B4E3}.Release|x64.ActiveCfg = Release|x64
		{19346B70-C89A-4735-A7F3-581E11C6B4E3}.Release|x64.Build.0 = Release|x64
		{19346B70-C89A-4735-A7F3-581E11C6B4E3}.Release|x86.ActiveCfg = Release|Win32
		{19346B70-C89A-4735-A7F3-581E11C6B4E3}.Release|x86.Build.0 = Release|Win32
		{DF35744F-6DF1-46EF-89CB-04662B129779}.Debug|x64.ActiveCfg = Debug|x64
		{DF35744F-6DF1-46EF-89CB-04662B129779}.Debug|x64.Build.0 = Debug|x64
		{DF35744F-6DF1-46EF-89CB-04662B129779}.Debug|x86.ActiveCfg = Debug|Win32
		{DF35744F-6DF1-46EF-89CB-04662B129779}.Debug|x86.Build.0 = Debug|Win32
		{DF35744F-6DF1-46EF-89CB-04662B129779}.Release|x64.ActiveCfg = Release|x64
		{DF35744F-6DF1-46EF-89CB-04662B129779}.Release|x64.Build.0 = Release|x64
		{DF35744F-6DF1-46EF-89CB-04662B129779}.Release|x86.ActiveCfg = Release|Win32
		{DF35744F-6DF1-46EF-89CB-04662B129779}.Release|x86.Build.0 = Release|Win32
		{B7858600-7E89-4BD6-B35E-985B1664CDD1}.Debug|x64.ActiveCfg = Debug|x64
		{B7858600-7E89-4BD6-B35E-985B1664CDD1}.Debug|x64.Build.0 = Debug|x64
		{B7858600-7E89-4BD6-B35E-985B1664CDD1}.Debug|x86.ActiveCfg = Debug|Win32
		{B7858600-7E89-4BD6-B35E-985B1664CDD1}.Debug|x86.Build.0 = Debug|Win32
		{B7858600-7E89-4BD6-B35E-985B1664CDD1}.Release|x64.ActiveCfg = Release|x64
		{B7858600-7E89-4BD6-B35E-985B1664CDD1}.Release|x64.Build.0 = Release|x64
		{B7858600-7E89-4BD6-B35E-985B1664CDD1}.Release|x86.ActiveCfg = Release|Win32
		{B7858600-7E89-4BD6-B35E-985B1664CDD1}.Release|x86.Build.0 = Release|Win32
		{D0A6009B-9602-418D-875D-BD71AF956218}.Debug|x64.ActiveCfg = Debug|x64
		{D0A6009B-9602-418D-875D-BD71AF956218}.Debug|x64.Build.0 = Debug|x64
		{D0A6009B-9602-418D-875D-BD71AF956218}.Debug|x86.ActiveCfg = Debug|Win32
		{D0A6009B-9602-418D-875D-BD71AF956218}.Debug|x86.Build.0 = Debug|Win32
		{D0A6009B-9602-418D-875D-BD71AF956218}.Release|x64.ActiveCfg = Release|x64
		{D0A6009B-9602-418D-875D-BD71AF956218}.Release|x64.Build.0 = Release|x64
		{D0A6009B-9602-418D-875D-BD71AF956218}.Release|x86.ActiveCfg = Release|Win32
		{D0A6009B-9602-418D-875D-BD71AF956218}.Release|x86.Build.0 = Release|Win32
		{ECFD551E-B54A-4404-87EE-EFB96A0DF7BC}.Debug|x64.ActiveCfg = Debug|x64
		{ECFD551E-B54A-4404-87EE-EFB96A0DF7BC}.Debug|x64.Build.0 = Debug|x64
		{ECFD551E-B54A-4404-87EE-EFB96A0DF7BC}.Debug|x86.ActiveCfg = Debug|Win32
		{ECFD551E-B54A-4404-87EE-EFB96A0DF7BC}.Debug|x86.Build.0 = Debug|Win32
		{ECFD551E-B54A-4404-87EE-EFB96A0DF7BC}.Release|x64.ActiveCfg = Release|x64
		{ECFD551E-B54A-4404-87EE-EFB96A0DF7BC}.Release|x64.Build.0 = Release|x64
		{ECFD551E-B54A-4404-87EE-EFB96A0DF7BC}.Release|x86.ActiveCfg = Release|Win32
		{ECFD551E-B54A-4404-87EE-EFB96A0DF7BC}.Release|x86.Build.0 = Release|Win32
		{E8F1A658-26B5-4A15-9BA3-96A62E9BBFA5}.Debug|x64.ActiveCfg = Debug|x64
		{E8F1A658-26B5-4A15-9BA3-96A62E9BBFA5}.Debug|x64.Build.0 = Debug|x64
		{E8F1A658-26B5-4A15-9BA3-96A62E9BBFA5}.Debug|x86.ActiveCfg = Debug|Win32
		{E8F1A658-26B5-4A15-9BA3-96A62E9BBFA5}.Debug|x86.Build.0 = Debug|Win32
		{E8F1A658-26B5-4A15-9BA3-96A62E9BBFA5}.Release|x64.ActiveCfg = Release|x64
		{E8F1A658-26B5-4A15-9BA3-96A62E9BBFA5}.Release|x64.Build.0 = Release|x64
		{E8F1A658-26B5-4A15-9BA3-96A62E9BBFA5}.Release|x86.ActiveCfg = Release|Win32
		{E8F1A658-26B5-4A15-9BA3-96A62E9BBFA5}.Release|x86.Build.0 = Release|Win32
		{E65B20DA-3371-47EB-8EF7-80AFD4222177}.Debug|x64.ActiveCfg = Debug|x64
		{E65B20DA-3371-47EB-8EF7-80AFD4222177}.Debug|x64.Build.0 = Debug|x64
		{E65B20DA-3371-47EB-8EF7-80AFD4222177}.Debug|x86.ActiveCfg = Debug|Win32
		{E65B20DA-3371-47EB-8EF7-80AFD4222177}.Debug|x86.Build.0 = Debug|Win32
		{E65B20DA-3371-47EB-8EF7-80AFD4222177}.Release|x64.ActiveCfg = Release|x64
		{E65B20DA-3371-47EB-8EF7-80AFD4222177}.Release|x64.Build.0 = Release|x64
		{E65B20DA-3371-47EB-8EF7-80AFD4222177}.Release|x86.ActiveCfg = Release|Win32
		{E65B20DA-3371-47EB-8EF7-80AFD4222177}.Release|x86.Build.0 = Release|Win32
		{DB8BB5A4-C168-4004-87BF-6422AA769D1A}.Debug|x64.ActiveCfg = Debug|x64
		{DB8BB5A4-C168-4004-87BF-6422AA769D1A}.Debug|x64.Build.0 = Debug|x64
		{DB8BB5A4-C168-4004-87BF-6422AA769D1A}.Debug|x86.ActiveCfg = Debug|Win32
		{DB8BB5A4-C168-4004-87BF-6422AA769D1A}.Debug|x86.Build.0 = Debug|Win32
		{DB8BB5A4-C168-4004-87BF-6422AA769D1A}.Release|x64.ActiveCfg = Release|x64
		{DB8BB5A4-C168-4004-87BF-6422AA769D1A}.Release|x64.Build.0 = Release|x64
		{DB8BB5A4-C168-4004-87BF-6422AA769D1A}.Release|x86.ActiveCfg = Release|Win32
		{DB8BB5A4-C168-4004-87BF-6422AA769D1A}.Release|x86.Build.0 = Release|Win32
		{D1DD20A6-35A7-43F8-976F-A806C0F6C45A}.Debug|x64.ActiveCfg = Debug|x64
		{D1DD20A6-35A7-43F8-976F-A806C0F6C45A}.Debug|x64.Build.0 = Debug|x64
		{D1DD20A6-35A7-43F8-976F-A806C0F6C45A}.Debug|x86.ActiveCfg = Debug|Win32
		{D1DD20A6-35A7-43F8-976F-A806C0F6C45A}.Debug|x86.Build.0 = Debug|Win32
		{D1DD20A6-35A7-43F8-976F-A806C0F6C45A}.Release|x64.ActiveCfg = Release|x64
		{D1DD20A6-35A7-43F8-976F-A806C0F6C45A}.Release|x64.Build.0 = Release|x64
		{D1DD20A6-35A7-43F8-976F-A806C0F6C45A}.Release|x86.ActiveCfg = Release|Win32
		{D1DD20A6-35A7-43F8-976F-A806C0F6C45A}.Release|x86.Build.0 = Release|Win32
		{5CBA5800-4F59-4AA3-97A1-CB788B76642C}.Debug|x64.ActiveCfg = Debug|x64
		{5CBA5800-4F59-4AA3-97A1-CB788B76642C}.Debug|x64.Build.0 = Debug|x64
		{5CBA5800-4F59-4AA3-97A1-CB788B76642C}.Debug|x86.ActiveCfg = Debug|Win32
		{5CBA5800-4F59-4AA3-97A1-CB788B76642C}.Debug|x86.Build.0 = Debug|Win32
		{5CBA5800-4F59-4AA3-97A1-CB788B76642C}.Release|x64.ActiveCfg = Release|x64
		{5CBA5800-4F59-4AA3-97A1-CB788B76642C}.Release|x64.Build.0 = Release|x64
		{5CBA5800-4F59-4AA3-97A1-CB788B76642C}.Release|x86.ActiveCfg = Release|Win32
		{5CBA5800-4F59-4AA3-97A1-CB788B76642C}.Release|x86.Build.0 = Release|Win32
		{78D9E024-2736-4BFA-BAD6-1F0B552BB909}.Debug|x64.ActiveCfg = Debug|x64
		{78D9E024-2736-4BFA-BAD6-1F0B552BB909}.Debug|x64.Build.0 = Debug|x64
		{78D9E024-2736-4BFA-BAD6-1F0B552BB909}.Debug|x86.ActiveCfg = Debug|Win32
		{78D9E024-2736-4BFA-BAD6-1F0B552BB909}.Debug|x86.Build.0 = Debug|Win32
		{78D9E024-2736-4BFA-BAD6-1F0B552BB909}.Release|x64.ActiveCfg = Release|x64
		{78D9E024-2736-4BFA-BAD6-1F0B552BB909}.Release|x64.Build.0 = Release|x64
		{78D9E024-2736-4BFA-BAD6-1F0B552BB909}.Release|x86.ActiveCfg = Release|Win32
		{78D9E024-2736-4BFA-BAD6-1F0B552BB909}.Release|x86.Build.0 = Release|Win32
		{3221C0FD-CB5C-40CD-9E5F-BFF0DD230C4F}.Debug|x64.ActiveCfg = Debug|x64
		{3221C0FD-CB5C-40CD-9E5F-BFF0DD230C4F}.Debug|x64.Build.0 = Debug|x64
		{3221C0FD-CB5C-40CD-9E5F-BFF0DD230C4F}.Debug|x86.ActiveCfg = Debug|Win32
		{3221C0FD-CB5C-40CD-9E5F-BFF0DD230C4F}.Debug|x86.Build.0 = Debug|Win32
		{3221C0FD-CB5C-40CD-9E5F-BFF0DD230C4F}.Release|x64.ActiveCfg = Release|x64
		{3221C0FD-CB5C-40CD-9E5F-BFF0DD230C4F}.Release|x64.Build.0 = Release|x64
		{3221C0FD-CB5C-40CD-9E5F-BFF0DD230C4F}.Release|x86.ActiveCfg = Release|Win32
		{3221C0FD-CB5C-40CD-9E5F-BFF0DD230C4F}.Release|x86.Build.0 = Release|Win32
		{588D2504-E1C6-4F5C-A071-C2B76713933B}.Debug|x64.ActiveCfg = Debug|x64
		{588D2504-E1C6-4F5C-A071-C2B76713933B}.Debug|x64.Build.0 = Debug|x64
		{588D2504-E1C6-4F5C-A071-C2B76713933B}.Debug|x86.ActiveCfg = Debug|Win32
		{588D2504-E1C6-4F5C-A071-C2B76713933B}.Debug|x86.Build.0 = Debug|Win32
		{588D2504-E1C6-4F5C-A071-C2B76713933B}.Release|x64.ActiveCfg = Release|x64
		{588D2504-E1C6-4F5C-A071-C2B76713933B}.Release|x64.Build.0 = Release|x64
		{588D2504-E1C6-4F5C-A071-C2B76713933B}.Release|x86.ActiveCfg = Release|Win32
		{588D2504-E1C6-4F5C-A071-C2B76713933B}.Release|x86.Build.0 = Release|Win32
		{62AE0EAF-DE7D-4FE0-BB76-6D2135216D0F}.Debug|x64.ActiveCfg = Debug|x64
		{62AE0EAF-DE7D-4FE0-BB76-6D2135216D0F}.Debug|x64.Build.0 = Debug|x64
		{62AE0EAF-DE7D-4FE0-BB76-6D2135216D0F}.Debug|x86.ActiveCfg = Debug|Win32
		{62AE0EAF-DE7D-4FE0-BB76-6D2135216D0F}.Debug|x86.Build.0 = Debug|Win32
		{62AE0EAF-DE7D-4FE0-BB76-6D2135216D0F}.Release|x64.ActiveCfg = Release|x64
		{62AE0EAF-DE7D-4FE0-BB76-6D2135216D0F}.Release|x64.Build.0 = Release|x64
		{62AE0EAF-DE7D-4FE0-BB76-6D2135216D0F}.Release|x86.ActiveCfg = Release|Win32
		{62AE0EAF-DE7D-4FE0-BB76-6D2135216D0F}.Release|x86.Build.0 = Release|Win32
		{83330ECE-7851-4004-84C0-7D8B6B7A1A80}.Debug|x64.ActiveCfg = Debug|x64
		{83330ECE-7851-4004-84C0-7D8B6B7A1A80}.Debug|x64.Build.0 = Debug|x64
		{83330ECE-7851-4004-84C0-7D8B6B7A1A80}.Debug|x86.ActiveCfg = Debug|Win32
		{83330ECE-7851-4004-84C0-7D8B6B7A1A80}.Debug|x86.Build.0 = Debug|Win32
		{83330ECE-7851-4004-84C0-7D8B6B7A1A80}.Release|x64.ActiveCfg = Release|x64
		{83330ECE-7851-4004-84C0-7D8B6B7A1A80}.Release|x64.Build.0 = Release|x64
		{83330ECE-7851-4004-84C0-7D8B6B7A1A80}.Release|x86.ActiveCfg = Release|Win32
		{83330ECE-7851-4004-84C0-7D8B6B7A1A80}.Release|x86.Build.0 = Release|Win32
		{5F789512-129C-4E5D-973D-F8B084A9B552}.Debug|x64.ActiveCfg = Debug|x64
		{5F789512-129C-4E5D-973D-F8B084A9B552}.Debug|x64.Build.0 = Debug|x64
		{5F789512-129C-4E5D-973D-F8B084A9B552}.Debug|x86.ActiveCfg = Debug|Win32
		{5F789512-129C-4E5D-973D-F8B084A9B552}.Debug|x86.Build.0 = Debug|Win32
		{5F789512-129C-4E5D-973D-F8B084A9B552}.Release|x64.ActiveCfg = Release|x64
		{5F789512-129C-4E5D-973D-F8B084A9B552}.Release|x64.Build.0 = Release|x64
		{5F789512-129C-4E5D-973D-F8B084A9B552}.Release|x86.ActiveCfg = Release|Win32
		{5F789512-129C-4E5D-973D-F8B084A9B552}.Release|x86.Build.0 = Release|Win32
	EndGlobalSection
	GlobalSection(SolutionProperties) = preSolution
		HideSolutionNode = FALSE
	EndGlobalSection
	GlobalSection(ExtensibilityGlobals) = postSolution
		SolutionGuid = {37C21E72-028E-40A1-A327-B2370732CFFC}
	EndGlobalSection
EndGlobal
